// !$*UTF8*$!
{
	archiveVersion = 1;
	classes = {
	};
	objectVersion = 56;
	objects = {

/* Begin PBXBuildFile section */
		DF765CA62B87478E00E52A0E /* AppDelegate.swift in Sources */ = {isa = PBXBuildFile; fileRef = DF765CA52B87478E00E52A0E /* AppDelegate.swift */; };
		DF765CA82B87478E00E52A0E /* SceneDelegate.swift in Sources */ = {isa = PBXBuildFile; fileRef = DF765CA72B87478E00E52A0E /* SceneDelegate.swift */; };
		DF765CAA2B87478E00E52A0E /* ViewController.swift in Sources */ = {isa = PBXBuildFile; fileRef = DF765CA92B87478E00E52A0E /* ViewController.swift */; };
		DF765CAD2B87478E00E52A0E /* Main.storyboard in Resources */ = {isa = PBXBuildFile; fileRef = DF765CAB2B87478E00E52A0E /* Main.storyboard */; };
		DF765CAF2B87479000E52A0E /* Assets.xcassets in Resources */ = {isa = PBXBuildFile; fileRef = DF765CAE2B87479000E52A0E /* Assets.xcassets */; };
		DF765CB22B87479000E52A0E /* LaunchScreen.storyboard in Resources */ = {isa = PBXBuildFile; fileRef = DF765CB02B87479000E52A0E /* LaunchScreen.storyboard */; };
		DF765CBA2B87480800E52A0E /* Observable.swift in Sources */ = {isa = PBXBuildFile; fileRef = DF765CB92B87480800E52A0E /* Observable.swift */; };
		DF765CBC2B874C4500E52A0E /* ModelView.swift in Sources */ = {isa = PBXBuildFile; fileRef = DF765CBB2B874C4500E52A0E /* ModelView.swift */; };
		DF765CBF2B87997700E52A0E /* SignUpView.swift in Sources */ = {isa = PBXBuildFile; fileRef = DF765CBE2B87997700E52A0E /* SignUpView.swift */; };
		DF765CC32B8799B700E52A0E /* SignUpModelView.swift in Sources */ = {isa = PBXBuildFile; fileRef = DF765CC22B8799B700E52A0E /* SignUpModelView.swift */; };
		DF765CC62B879A3000E52A0E /* Then in Frameworks */ = {isa = PBXBuildFile; productRef = DF765CC52B879A3000E52A0E /* Then */; };
		DF765CC92B879A3E00E52A0E /* SnapKit in Frameworks */ = {isa = PBXBuildFile; productRef = DF765CC82B879A3E00E52A0E /* SnapKit */; };
		DF765CCB2B879C2000E52A0E /* JackTableViewCell.swift in Sources */ = {isa = PBXBuildFile; fileRef = DF765CCA2B879C2000E52A0E /* JackTableViewCell.swift */; };
		DF765CCD2B879D8D00E52A0E /* UITextField+Extension.swift in Sources */ = {isa = PBXBuildFile; fileRef = DF765CCC2B879D8D00E52A0E /* UITextField+Extension.swift */; };
		DF765CCF2B879E5600E52A0E /* SignUpViewController.swift in Sources */ = {isa = PBXBuildFile; fileRef = DF765CCE2B879E5600E52A0E /* SignUpViewController.swift */; };
		DF765CD12B87A8A900E52A0E /* SignUpobservable.swift in Sources */ = {isa = PBXBuildFile; fileRef = DF765CD02B87A8A900E52A0E /* SignUpobservable.swift */; };
		DF81889F2B8C99CD009FD1C8 /* RawDataViewController.swift in Sources */ = {isa = PBXBuildFile; fileRef = DF81889E2B8C99CD009FD1C8 /* RawDataViewController.swift */; };
		DF8188A12B8C99EB009FD1C8 /* RawDataView.swift in Sources */ = {isa = PBXBuildFile; fileRef = DF8188A02B8C99EB009FD1C8 /* RawDataView.swift */; };
		DF8188A52B8C9B0E009FD1C8 /* RawDataTableHeaderView.swift in Sources */ = {isa = PBXBuildFile; fileRef = DF8188A42B8C9B0E009FD1C8 /* RawDataTableHeaderView.swift */; };
		DF8188A72B8CA5E0009FD1C8 /* RawDataViewModel.swift in Sources */ = {isa = PBXBuildFile; fileRef = DF8188A62B8CA5E0009FD1C8 /* RawDataViewModel.swift */; };
		DF8188AC2B8CA88D009FD1C8 /* UserModel.swift in Sources */ = {isa = PBXBuildFile; fileRef = DF8188AB2B8CA88D009FD1C8 /* UserModel.swift */; };
		DF8188AE2B8CA8B3009FD1C8 /* RowDataObservable.swift in Sources */ = {isa = PBXBuildFile; fileRef = DF8188AD2B8CA8B3009FD1C8 /* RowDataObservable.swift */; };
		DF8188B52B8CDDBD009FD1C8 /* NetworkViewController.swift in Sources */ = {isa = PBXBuildFile; fileRef = DF8188B42B8CDDBD009FD1C8 /* NetworkViewController.swift */; };
		DF8188B72B8CDDF3009FD1C8 /* NetworkView.swift in Sources */ = {isa = PBXBuildFile; fileRef = DF8188B62B8CDDF3009FD1C8 /* NetworkView.swift */; };
		DF8188B92B8CDEAE009FD1C8 /* NetworkViewModel.swift in Sources */ = {isa = PBXBuildFile; fileRef = DF8188B82B8CDEAE009FD1C8 /* NetworkViewModel.swift */; };
		DF8188BB2B8CDEBA009FD1C8 /* Market.swift in Sources */ = {isa = PBXBuildFile; fileRef = DF8188BA2B8CDEBA009FD1C8 /* Market.swift */; };
		DF8188BD2B8CDEC7009FD1C8 /* NetworkObservable.swift in Sources */ = {isa = PBXBuildFile; fileRef = DF8188BC2B8CDEC7009FD1C8 /* NetworkObservable.swift */; };
		DF8188C32B8CE647009FD1C8 /* Alamofire in Frameworks */ = {isa = PBXBuildFile; productRef = DF8188C22B8CE647009FD1C8 /* Alamofire */; };
		DF8366752B8881E400B23299 /* Week2ViewController.swift in Sources */ = {isa = PBXBuildFile; fileRef = DF8366742B8881E400B23299 /* Week2ViewController.swift */; };
		DF8366772B8881F800B23299 /* Week2View.swift in Sources */ = {isa = PBXBuildFile; fileRef = DF8366762B8881F800B23299 /* Week2View.swift */; };
		DF83667A2B88821100B23299 /* BaseView.swift in Sources */ = {isa = PBXBuildFile; fileRef = DF8366792B88821100B23299 /* BaseView.swift */; };
		DF83667C2B88828300B23299 /* BaseViewController.swift in Sources */ = {isa = PBXBuildFile; fileRef = DF83667B2B88828300B23299 /* BaseViewController.swift */; };
		DF83667E2B88867E00B23299 /* Week2ModelView.swift in Sources */ = {isa = PBXBuildFile; fileRef = DF83667D2B88867E00B23299 /* Week2ModelView.swift */; };
		DF8366802B8886A100B23299 /* Week2Observable.swift in Sources */ = {isa = PBXBuildFile; fileRef = DF83667F2B8886A100B23299 /* Week2Observable.swift */; };
		DF8366832B88BA1700B23299 /* Week2JackFlexView.swift in Sources */ = {isa = PBXBuildFile; fileRef = DF8366822B88BA1700B23299 /* Week2JackFlexView.swift */; };
		DF8366852B88BA2600B23299 /* Week2JackFlexViewController.swift in Sources */ = {isa = PBXBuildFile; fileRef = DF8366842B88BA2600B23299 /* Week2JackFlexViewController.swift */; };
/* End PBXBuildFile section */

/* Begin PBXFileReference section */
		DF765CA22B87478E00E52A0E /* SeSACMVVMAssignment.app */ = {isa = PBXFileReference; explicitFileType = wrapper.application; includeInIndex = 0; path = SeSACMVVMAssignment.app; sourceTree = BUILT_PRODUCTS_DIR; };
		DF765CA52B87478E00E52A0E /* AppDelegate.swift */ = {isa = PBXFileReference; lastKnownFileType = sourcecode.swift; path = AppDelegate.swift; sourceTree = "<group>"; };
		DF765CA72B87478E00E52A0E /* SceneDelegate.swift */ = {isa = PBXFileReference; lastKnownFileType = sourcecode.swift; path = SceneDelegate.swift; sourceTree = "<group>"; };
		DF765CA92B87478E00E52A0E /* ViewController.swift */ = {isa = PBXFileReference; lastKnownFileType = sourcecode.swift; path = ViewController.swift; sourceTree = "<group>"; };
		DF765CAC2B87478E00E52A0E /* Base */ = {isa = PBXFileReference; lastKnownFileType = file.storyboard; name = Base; path = Base.lproj/Main.storyboard; sourceTree = "<group>"; };
		DF765CAE2B87479000E52A0E /* Assets.xcassets */ = {isa = PBXFileReference; lastKnownFileType = folder.assetcatalog; path = Assets.xcassets; sourceTree = "<group>"; };
		DF765CB12B87479000E52A0E /* Base */ = {isa = PBXFileReference; lastKnownFileType = file.storyboard; name = Base; path = Base.lproj/LaunchScreen.storyboard; sourceTree = "<group>"; };
		DF765CB32B87479000E52A0E /* Info.plist */ = {isa = PBXFileReference; lastKnownFileType = text.plist.xml; path = Info.plist; sourceTree = "<group>"; };
		DF765CB92B87480800E52A0E /* Observable.swift */ = {isa = PBXFileReference; lastKnownFileType = sourcecode.swift; path = Observable.swift; sourceTree = "<group>"; };
		DF765CBB2B874C4500E52A0E /* ModelView.swift */ = {isa = PBXFileReference; lastKnownFileType = sourcecode.swift; path = ModelView.swift; sourceTree = "<group>"; };
		DF765CBE2B87997700E52A0E /* SignUpView.swift */ = {isa = PBXFileReference; lastKnownFileType = sourcecode.swift; path = SignUpView.swift; sourceTree = "<group>"; };
		DF765CC22B8799B700E52A0E /* SignUpModelView.swift */ = {isa = PBXFileReference; lastKnownFileType = sourcecode.swift; path = SignUpModelView.swift; sourceTree = "<group>"; };
		DF765CCA2B879C2000E52A0E /* JackTableViewCell.swift */ = {isa = PBXFileReference; lastKnownFileType = sourcecode.swift; path = JackTableViewCell.swift; sourceTree = "<group>"; };
		DF765CCC2B879D8D00E52A0E /* UITextField+Extension.swift */ = {isa = PBXFileReference; lastKnownFileType = sourcecode.swift; path = "UITextField+Extension.swift"; sourceTree = "<group>"; };
		DF765CCE2B879E5600E52A0E /* SignUpViewController.swift */ = {isa = PBXFileReference; lastKnownFileType = sourcecode.swift; path = SignUpViewController.swift; sourceTree = "<group>"; };
		DF765CD02B87A8A900E52A0E /* SignUpobservable.swift */ = {isa = PBXFileReference; lastKnownFileType = sourcecode.swift; path = SignUpobservable.swift; sourceTree = "<group>"; };
		DF81889E2B8C99CD009FD1C8 /* RawDataViewController.swift */ = {isa = PBXFileReference; lastKnownFileType = sourcecode.swift; path = RawDataViewController.swift; sourceTree = "<group>"; };
		DF8188A02B8C99EB009FD1C8 /* RawDataView.swift */ = {isa = PBXFileReference; lastKnownFileType = sourcecode.swift; path = RawDataView.swift; sourceTree = "<group>"; };
		DF8188A42B8C9B0E009FD1C8 /* RawDataTableHeaderView.swift */ = {isa = PBXFileReference; lastKnownFileType = sourcecode.swift; path = RawDataTableHeaderView.swift; sourceTree = "<group>"; };
		DF8188A62B8CA5E0009FD1C8 /* RawDataViewModel.swift */ = {isa = PBXFileReference; lastKnownFileType = sourcecode.swift; path = RawDataViewModel.swift; sourceTree = "<group>"; };
		DF8188AB2B8CA88D009FD1C8 /* UserModel.swift */ = {isa = PBXFileReference; lastKnownFileType = sourcecode.swift; path = UserModel.swift; sourceTree = "<group>"; };
		DF8188AD2B8CA8B3009FD1C8 /* RowDataObservable.swift */ = {isa = PBXFileReference; lastKnownFileType = sourcecode.swift; path = RowDataObservable.swift; sourceTree = "<group>"; };
		DF8188B42B8CDDBD009FD1C8 /* NetworkViewController.swift */ = {isa = PBXFileReference; lastKnownFileType = sourcecode.swift; path = NetworkViewController.swift; sourceTree = "<group>"; };
		DF8188B62B8CDDF3009FD1C8 /* NetworkView.swift */ = {isa = PBXFileReference; lastKnownFileType = sourcecode.swift; path = NetworkView.swift; sourceTree = "<group>"; };
		DF8188B82B8CDEAE009FD1C8 /* NetworkViewModel.swift */ = {isa = PBXFileReference; lastKnownFileType = sourcecode.swift; path = NetworkViewModel.swift; sourceTree = "<group>"; };
		DF8188BA2B8CDEBA009FD1C8 /* Market.swift */ = {isa = PBXFileReference; lastKnownFileType = sourcecode.swift; path = Market.swift; sourceTree = "<group>"; };
		DF8188BC2B8CDEC7009FD1C8 /* NetworkObservable.swift */ = {isa = PBXFileReference; lastKnownFileType = sourcecode.swift; path = NetworkObservable.swift; sourceTree = "<group>"; };
		DF8366742B8881E400B23299 /* Week2ViewController.swift */ = {isa = PBXFileReference; lastKnownFileType = sourcecode.swift; path = Week2ViewController.swift; sourceTree = "<group>"; };
		DF8366762B8881F800B23299 /* Week2View.swift */ = {isa = PBXFileReference; lastKnownFileType = sourcecode.swift; path = Week2View.swift; sourceTree = "<group>"; };
		DF8366792B88821100B23299 /* BaseView.swift */ = {isa = PBXFileReference; lastKnownFileType = sourcecode.swift; path = BaseView.swift; sourceTree = "<group>"; };
		DF83667B2B88828300B23299 /* BaseViewController.swift */ = {isa = PBXFileReference; lastKnownFileType = sourcecode.swift; path = BaseViewController.swift; sourceTree = "<group>"; };
		DF83667D2B88867E00B23299 /* Week2ModelView.swift */ = {isa = PBXFileReference; lastKnownFileType = sourcecode.swift; path = Week2ModelView.swift; sourceTree = "<group>"; };
		DF83667F2B8886A100B23299 /* Week2Observable.swift */ = {isa = PBXFileReference; lastKnownFileType = sourcecode.swift; path = Week2Observable.swift; sourceTree = "<group>"; };
		DF8366822B88BA1700B23299 /* Week2JackFlexView.swift */ = {isa = PBXFileReference; lastKnownFileType = sourcecode.swift; path = Week2JackFlexView.swift; sourceTree = "<group>"; };
		DF8366842B88BA2600B23299 /* Week2JackFlexViewController.swift */ = {isa = PBXFileReference; lastKnownFileType = sourcecode.swift; path = Week2JackFlexViewController.swift; sourceTree = "<group>"; };
/* End PBXFileReference section */

/* Begin PBXFrameworksBuildPhase section */
		DF765C9F2B87478E00E52A0E /* Frameworks */ = {
			isa = PBXFrameworksBuildPhase;
			buildActionMask = 2147483647;
			files = (
				DF8188C32B8CE647009FD1C8 /* Alamofire in Frameworks */,
				DF765CC62B879A3000E52A0E /* Then in Frameworks */,
				DF765CC92B879A3E00E52A0E /* SnapKit in Frameworks */,
			);
			runOnlyForDeploymentPostprocessing = 0;
		};
/* End PBXFrameworksBuildPhase section */

/* Begin PBXGroup section */
		DF765C992B87478E00E52A0E = {
			isa = PBXGroup;
			children = (
				DF765CA42B87478E00E52A0E /* SeSACMVVMAssignment */,
				DF765CA32B87478E00E52A0E /* Products */,
			);
			sourceTree = "<group>";
		};
		DF765CA32B87478E00E52A0E /* Products */ = {
			isa = PBXGroup;
			children = (
				DF765CA22B87478E00E52A0E /* SeSACMVVMAssignment.app */,
			);
			name = Products;
			sourceTree = "<group>";
		};
		DF765CA42B87478E00E52A0E /* SeSACMVVMAssignment */ = {
			isa = PBXGroup;
			children = (
				DF81889D2B8C9996009FD1C8 /* Week3 */,
				DF8366812B88B9E900B23299 /* Week2Jack */,
				DF8366782B88820300B23299 /* Base */,
				DF8366732B8881C600B23299 /* Week2 */,
				DF8366722B8881AF00B23299 /* Week1 */,
				DF765CBD2B87995300E52A0E /* SignUp */,
				DF765CA52B87478E00E52A0E /* AppDelegate.swift */,
				DF765CA72B87478E00E52A0E /* SceneDelegate.swift */,
				DF765CAB2B87478E00E52A0E /* Main.storyboard */,
				DF765CAE2B87479000E52A0E /* Assets.xcassets */,
				DF765CB02B87479000E52A0E /* LaunchScreen.storyboard */,
				DF765CB32B87479000E52A0E /* Info.plist */,
			);
			path = SeSACMVVMAssignment;
			sourceTree = "<group>";
		};
		DF765CBD2B87995300E52A0E /* SignUp */ = {
			isa = PBXGroup;
			children = (
				DF765CBE2B87997700E52A0E /* SignUpView.swift */,
				DF765CC22B8799B700E52A0E /* SignUpModelView.swift */,
				DF765CCA2B879C2000E52A0E /* JackTableViewCell.swift */,
				DF765CCC2B879D8D00E52A0E /* UITextField+Extension.swift */,
				DF765CCE2B879E5600E52A0E /* SignUpViewController.swift */,
				DF765CD02B87A8A900E52A0E /* SignUpobservable.swift */,
			);
			path = SignUp;
			sourceTree = "<group>";
		};
		DF81889D2B8C9996009FD1C8 /* Week3 */ = {
			isa = PBXGroup;
			children = (
				DF8188B32B8CDD95009FD1C8 /* Network */,
				DF8188AF2B8CDCC1009FD1C8 /* RowData */,
			);
			path = Week3;
			sourceTree = "<group>";
		};
		DF8188A82B8CA866009FD1C8 /* Model */ = {
			isa = PBXGroup;
			children = (
				DF8188AB2B8CA88D009FD1C8 /* UserModel.swift */,
			);
			path = Model;
			sourceTree = "<group>";
		};
		DF8188A92B8CA86E009FD1C8 /* View */ = {
			isa = PBXGroup;
			children = (
				DF81889E2B8C99CD009FD1C8 /* RawDataViewController.swift */,
				DF8188A02B8C99EB009FD1C8 /* RawDataView.swift */,
				DF8188A42B8C9B0E009FD1C8 /* RawDataTableHeaderView.swift */,
			);
			path = View;
			sourceTree = "<group>";
		};
		DF8188AA2B8CA874009FD1C8 /* ViewModel */ = {
			isa = PBXGroup;
			children = (
				DF8188A62B8CA5E0009FD1C8 /* RawDataViewModel.swift */,
				DF8188AD2B8CA8B3009FD1C8 /* RowDataObservable.swift */,
			);
			path = ViewModel;
			sourceTree = "<group>";
		};
		DF8188AF2B8CDCC1009FD1C8 /* RowData */ = {
			isa = PBXGroup;
			children = (
				DF8188AA2B8CA874009FD1C8 /* ViewModel */,
				DF8188A92B8CA86E009FD1C8 /* View */,
				DF8188A82B8CA866009FD1C8 /* Model */,
			);
			path = RowData;
			sourceTree = "<group>";
		};
		DF8188B32B8CDD95009FD1C8 /* Network */ = {
			isa = PBXGroup;
			children = (
				DF8188C02B8CE064009FD1C8 /* View */,
				DF8188BF2B8CE057009FD1C8 /* ViewModel */,
				DF8188BE2B8CE04C009FD1C8 /* Model */,
			);
			path = Network;
			sourceTree = "<group>";
		};
		DF8188BE2B8CE04C009FD1C8 /* Model */ = {
			isa = PBXGroup;
			children = (
				DF8188BA2B8CDEBA009FD1C8 /* Market.swift */,
			);
			path = Model;
			sourceTree = "<group>";
		};
		DF8188BF2B8CE057009FD1C8 /* ViewModel */ = {
			isa = PBXGroup;
			children = (
				DF8188B82B8CDEAE009FD1C8 /* NetworkViewModel.swift */,
				DF8188BC2B8CDEC7009FD1C8 /* NetworkObservable.swift */,
			);
			path = ViewModel;
			sourceTree = "<group>";
		};
		DF8188C02B8CE064009FD1C8 /* View */ = {
			isa = PBXGroup;
			children = (
				DF8188B42B8CDDBD009FD1C8 /* NetworkViewController.swift */,
				DF8188B62B8CDDF3009FD1C8 /* NetworkView.swift */,
			);
			path = View;
			sourceTree = "<group>";
		};
		DF8366722B8881AF00B23299 /* Week1 */ = {
			isa = PBXGroup;
			children = (
				DF765CB92B87480800E52A0E /* Observable.swift */,
				DF765CBB2B874C4500E52A0E /* ModelView.swift */,
				DF765CA92B87478E00E52A0E /* ViewController.swift */,
			);
			path = Week1;
			sourceTree = "<group>";
		};
		DF8366732B8881C600B23299 /* Week2 */ = {
			isa = PBXGroup;
			children = (
				DF8366762B8881F800B23299 /* Week2View.swift */,
				DF8366742B8881E400B23299 /* Week2ViewController.swift */,
				DF83667D2B88867E00B23299 /* Week2ModelView.swift */,
				DF83667F2B8886A100B23299 /* Week2Observable.swift */,
			);
			path = Week2;
			sourceTree = "<group>";
		};
		DF8366782B88820300B23299 /* Base */ = {
			isa = PBXGroup;
			children = (
				DF8366792B88821100B23299 /* BaseView.swift */,
				DF83667B2B88828300B23299 /* BaseViewController.swift */,
			);
			path = Base;
			sourceTree = "<group>";
		};
		DF8366812B88B9E900B23299 /* Week2Jack */ = {
			isa = PBXGroup;
			children = (
				DF8366822B88BA1700B23299 /* Week2JackFlexView.swift */,
				DF8366842B88BA2600B23299 /* Week2JackFlexViewController.swift */,
			);
			path = Week2Jack;
			sourceTree = "<group>";
		};
/* End PBXGroup section */

/* Begin PBXNativeTarget section */
		DF765CA12B87478E00E52A0E /* SeSACMVVMAssignment */ = {
			isa = PBXNativeTarget;
			buildConfigurationList = DF765CB62B87479000E52A0E /* Build configuration list for PBXNativeTarget "SeSACMVVMAssignment" */;
			buildPhases = (
				DF765C9E2B87478E00E52A0E /* Sources */,
				DF765C9F2B87478E00E52A0E /* Frameworks */,
				DF765CA02B87478E00E52A0E /* Resources */,
			);
			buildRules = (
			);
			dependencies = (
			);
			name = SeSACMVVMAssignment;
			packageProductDependencies = (
				DF765CC52B879A3000E52A0E /* Then */,
				DF765CC82B879A3E00E52A0E /* SnapKit */,
				DF8188C22B8CE647009FD1C8 /* Alamofire */,
			);
			productName = SeSACMVVMAssignment;
			productReference = DF765CA22B87478E00E52A0E /* SeSACMVVMAssignment.app */;
			productType = "com.apple.product-type.application";
		};
/* End PBXNativeTarget section */

/* Begin PBXProject section */
		DF765C9A2B87478E00E52A0E /* Project object */ = {
			isa = PBXProject;
			attributes = {
				BuildIndependentTargetsInParallel = 1;
				LastSwiftUpdateCheck = 1520;
				LastUpgradeCheck = 1520;
				TargetAttributes = {
					DF765CA12B87478E00E52A0E = {
						CreatedOnToolsVersion = 15.2;
					};
				};
			};
			buildConfigurationList = DF765C9D2B87478E00E52A0E /* Build configuration list for PBXProject "SeSACMVVMAssignment" */;
			compatibilityVersion = "Xcode 14.0";
			developmentRegion = en;
			hasScannedForEncodings = 0;
			knownRegions = (
				en,
				Base,
			);
			mainGroup = DF765C992B87478E00E52A0E;
			packageReferences = (
				DF765CC42B879A3000E52A0E /* XCRemoteSwiftPackageReference "Then" */,
				DF765CC72B879A3E00E52A0E /* XCRemoteSwiftPackageReference "SnapKit" */,
				DF8188C12B8CE647009FD1C8 /* XCRemoteSwiftPackageReference "Alamofire" */,
			);
			productRefGroup = DF765CA32B87478E00E52A0E /* Products */;
			projectDirPath = "";
			projectRoot = "";
			targets = (
				DF765CA12B87478E00E52A0E /* SeSACMVVMAssignment */,
			);
		};
/* End PBXProject section */

/* Begin PBXResourcesBuildPhase section */
		DF765CA02B87478E00E52A0E /* Resources */ = {
			isa = PBXResourcesBuildPhase;
			buildActionMask = 2147483647;
			files = (
				DF765CB22B87479000E52A0E /* LaunchScreen.storyboard in Resources */,
				DF765CAF2B87479000E52A0E /* Assets.xcassets in Resources */,
				DF765CAD2B87478E00E52A0E /* Main.storyboard in Resources */,
			);
			runOnlyForDeploymentPostprocessing = 0;
		};
/* End PBXResourcesBuildPhase section */

/* Begin PBXSourcesBuildPhase section */
		DF765C9E2B87478E00E52A0E /* Sources */ = {
			isa = PBXSourcesBuildPhase;
			buildActionMask = 2147483647;
			files = (
				DF8366802B8886A100B23299 /* Week2Observable.swift in Sources */,
				DF8188AE2B8CA8B3009FD1C8 /* RowDataObservable.swift in Sources */,
				DF8188A72B8CA5E0009FD1C8 /* RawDataViewModel.swift in Sources */,
				DF8366832B88BA1700B23299 /* Week2JackFlexView.swift in Sources */,
				DF8188A52B8C9B0E009FD1C8 /* RawDataTableHeaderView.swift in Sources */,
				DF765CD12B87A8A900E52A0E /* SignUpobservable.swift in Sources */,
				DF8366752B8881E400B23299 /* Week2ViewController.swift in Sources */,
				DF8188BD2B8CDEC7009FD1C8 /* NetworkObservable.swift in Sources */,
				DF8366772B8881F800B23299 /* Week2View.swift in Sources */,
				DF8188BB2B8CDEBA009FD1C8 /* Market.swift in Sources */,
				DF81889F2B8C99CD009FD1C8 /* RawDataViewController.swift in Sources */,
				DF765CBA2B87480800E52A0E /* Observable.swift in Sources */,
				DF765CC32B8799B700E52A0E /* SignUpModelView.swift in Sources */,
				DF8188AC2B8CA88D009FD1C8 /* UserModel.swift in Sources */,
				DF8188B72B8CDDF3009FD1C8 /* NetworkView.swift in Sources */,
				DF83667C2B88828300B23299 /* BaseViewController.swift in Sources */,
				DF765CAA2B87478E00E52A0E /* ViewController.swift in Sources */,
				DF765CA62B87478E00E52A0E /* AppDelegate.swift in Sources */,
				DF765CCF2B879E5600E52A0E /* SignUpViewController.swift in Sources */,
				DF83667E2B88867E00B23299 /* Week2ModelView.swift in Sources */,
				DF8188A12B8C99EB009FD1C8 /* RawDataView.swift in Sources */,
				DF8188B92B8CDEAE009FD1C8 /* NetworkViewModel.swift in Sources */,
				DF765CCD2B879D8D00E52A0E /* UITextField+Extension.swift in Sources */,
				DF765CA82B87478E00E52A0E /* SceneDelegate.swift in Sources */,
				DF765CCB2B879C2000E52A0E /* JackTableViewCell.swift in Sources */,
				DF8366852B88BA2600B23299 /* Week2JackFlexViewController.swift in Sources */,
				DF83667A2B88821100B23299 /* BaseView.swift in Sources */,
				DF8188B52B8CDDBD009FD1C8 /* NetworkViewController.swift in Sources */,
				DF765CBF2B87997700E52A0E /* SignUpView.swift in Sources */,
				DF765CBC2B874C4500E52A0E /* ModelView.swift in Sources */,
			);
			runOnlyForDeploymentPostprocessing = 0;
		};
/* End PBXSourcesBuildPhase section */

/* Begin PBXVariantGroup section */
		DF765CAB2B87478E00E52A0E /* Main.storyboard */ = {
			isa = PBXVariantGroup;
			children = (
				DF765CAC2B87478E00E52A0E /* Base */,
			);
			name = Main.storyboard;
			sourceTree = "<group>";
		};
		DF765CB02B87479000E52A0E /* LaunchScreen.storyboard */ = {
			isa = PBXVariantGroup;
			children = (
				DF765CB12B87479000E52A0E /* Base */,
			);
			name = LaunchScreen.storyboard;
			sourceTree = "<group>";
		};
/* End PBXVariantGroup section */

/* Begin XCBuildConfiguration section */
		DF765CB42B87479000E52A0E /* Debug */ = {
			isa = XCBuildConfiguration;
			buildSettings = {
				ALWAYS_SEARCH_USER_PATHS = NO;
				ASSETCATALOG_COMPILER_GENERATE_SWIFT_ASSET_SYMBOL_EXTENSIONS = YES;
				CLANG_ANALYZER_NONNULL = YES;
				CLANG_ANALYZER_NUMBER_OBJECT_CONVERSION = YES_AGGRESSIVE;
				CLANG_CXX_LANGUAGE_STANDARD = "gnu++20";
				CLANG_ENABLE_MODULES = YES;
				CLANG_ENABLE_OBJC_ARC = YES;
				CLANG_ENABLE_OBJC_WEAK = YES;
				CLANG_WARN_BLOCK_CAPTURE_AUTORELEASING = YES;
				CLANG_WARN_BOOL_CONVERSION = YES;
				CLANG_WARN_COMMA = YES;
				CLANG_WARN_CONSTANT_CONVERSION = YES;
				CLANG_WARN_DEPRECATED_OBJC_IMPLEMENTATIONS = YES;
				CLANG_WARN_DIRECT_OBJC_ISA_USAGE = YES_ERROR;
				CLANG_WARN_DOCUMENTATION_COMMENTS = YES;
				CLANG_WARN_EMPTY_BODY = YES;
				CLANG_WARN_ENUM_CONVERSION = YES;
				CLANG_WARN_INFINITE_RECURSION = YES;
				CLANG_WARN_INT_CONVERSION = YES;
				CLANG_WARN_NON_LITERAL_NULL_CONVERSION = YES;
				CLANG_WARN_OBJC_IMPLICIT_RETAIN_SELF = YES;
				CLANG_WARN_OBJC_LITERAL_CONVERSION = YES;
				CLANG_WARN_OBJC_ROOT_CLASS = YES_ERROR;
				CLANG_WARN_QUOTED_INCLUDE_IN_FRAMEWORK_HEADER = YES;
				CLANG_WARN_RANGE_LOOP_ANALYSIS = YES;
				CLANG_WARN_STRICT_PROTOTYPES = YES;
				CLANG_WARN_SUSPICIOUS_MOVE = YES;
				CLANG_WARN_UNGUARDED_AVAILABILITY = YES_AGGRESSIVE;
				CLANG_WARN_UNREACHABLE_CODE = YES;
				CLANG_WARN__DUPLICATE_METHOD_MATCH = YES;
				COPY_PHASE_STRIP = NO;
				DEBUG_INFORMATION_FORMAT = dwarf;
				ENABLE_STRICT_OBJC_MSGSEND = YES;
				ENABLE_TESTABILITY = YES;
				ENABLE_USER_SCRIPT_SANDBOXING = YES;
				GCC_C_LANGUAGE_STANDARD = gnu17;
				GCC_DYNAMIC_NO_PIC = NO;
				GCC_NO_COMMON_BLOCKS = YES;
				GCC_OPTIMIZATION_LEVEL = 0;
				GCC_PREPROCESSOR_DEFINITIONS = (
					"DEBUG=1",
					"$(inherited)",
				);
				GCC_WARN_64_TO_32_BIT_CONVERSION = YES;
				GCC_WARN_ABOUT_RETURN_TYPE = YES_ERROR;
				GCC_WARN_UNDECLARED_SELECTOR = YES;
				GCC_WARN_UNINITIALIZED_AUTOS = YES_AGGRESSIVE;
				GCC_WARN_UNUSED_FUNCTION = YES;
				GCC_WARN_UNUSED_VARIABLE = YES;
				IPHONEOS_DEPLOYMENT_TARGET = 17.2;
				LOCALIZATION_PREFERS_STRING_CATALOGS = YES;
				MTL_ENABLE_DEBUG_INFO = INCLUDE_SOURCE;
				MTL_FAST_MATH = YES;
				ONLY_ACTIVE_ARCH = YES;
				SDKROOT = iphoneos;
				SWIFT_ACTIVE_COMPILATION_CONDITIONS = "DEBUG $(inherited)";
				SWIFT_OPTIMIZATION_LEVEL = "-Onone";
			};
			name = Debug;
		};
		DF765CB52B87479000E52A0E /* Release */ = {
			isa = XCBuildConfiguration;
			buildSettings = {
				ALWAYS_SEARCH_USER_PATHS = NO;
				ASSETCATALOG_COMPILER_GENERATE_SWIFT_ASSET_SYMBOL_EXTENSIONS = YES;
				CLANG_ANALYZER_NONNULL = YES;
				CLANG_ANALYZER_NUMBER_OBJECT_CONVERSION = YES_AGGRESSIVE;
				CLANG_CXX_LANGUAGE_STANDARD = "gnu++20";
				CLANG_ENABLE_MODULES = YES;
				CLANG_ENABLE_OBJC_ARC = YES;
				CLANG_ENABLE_OBJC_WEAK = YES;
				CLANG_WARN_BLOCK_CAPTURE_AUTORELEASING = YES;
				CLANG_WARN_BOOL_CONVERSION = YES;
				CLANG_WARN_COMMA = YES;
				CLANG_WARN_CONSTANT_CONVERSION = YES;
				CLANG_WARN_DEPRECATED_OBJC_IMPLEMENTATIONS = YES;
				CLANG_WARN_DIRECT_OBJC_ISA_USAGE = YES_ERROR;
				CLANG_WARN_DOCUMENTATION_COMMENTS = YES;
				CLANG_WARN_EMPTY_BODY = YES;
				CLANG_WARN_ENUM_CONVERSION = YES;
				CLANG_WARN_INFINITE_RECURSION = YES;
				CLANG_WARN_INT_CONVERSION = YES;
				CLANG_WARN_NON_LITERAL_NULL_CONVERSION = YES;
				CLANG_WARN_OBJC_IMPLICIT_RETAIN_SELF = YES;
				CLANG_WARN_OBJC_LITERAL_CONVERSION = YES;
				CLANG_WARN_OBJC_ROOT_CLASS = YES_ERROR;
				CLANG_WARN_QUOTED_INCLUDE_IN_FRAMEWORK_HEADER = YES;
				CLANG_WARN_RANGE_LOOP_ANALYSIS = YES;
				CLANG_WARN_STRICT_PROTOTYPES = YES;
				CLANG_WARN_SUSPICIOUS_MOVE = YES;
				CLANG_WARN_UNGUARDED_AVAILABILITY = YES_AGGRESSIVE;
				CLANG_WARN_UNREACHABLE_CODE = YES;
				CLANG_WARN__DUPLICATE_METHOD_MATCH = YES;
				COPY_PHASE_STRIP = NO;
				DEBUG_INFORMATION_FORMAT = "dwarf-with-dsym";
				ENABLE_NS_ASSERTIONS = NO;
				ENABLE_STRICT_OBJC_MSGSEND = YES;
				ENABLE_USER_SCRIPT_SANDBOXING = YES;
				GCC_C_LANGUAGE_STANDARD = gnu17;
				GCC_NO_COMMON_BLOCKS = YES;
				GCC_WARN_64_TO_32_BIT_CONVERSION = YES;
				GCC_WARN_ABOUT_RETURN_TYPE = YES_ERROR;
				GCC_WARN_UNDECLARED_SELECTOR = YES;
				GCC_WARN_UNINITIALIZED_AUTOS = YES_AGGRESSIVE;
				GCC_WARN_UNUSED_FUNCTION = YES;
				GCC_WARN_UNUSED_VARIABLE = YES;
				IPHONEOS_DEPLOYMENT_TARGET = 17.2;
				LOCALIZATION_PREFERS_STRING_CATALOGS = YES;
				MTL_ENABLE_DEBUG_INFO = NO;
				MTL_FAST_MATH = YES;
				SDKROOT = iphoneos;
				SWIFT_COMPILATION_MODE = wholemodule;
				VALIDATE_PRODUCT = YES;
			};
			name = Release;
		};
		DF765CB72B87479000E52A0E /* Debug */ = {
			isa = XCBuildConfiguration;
			buildSettings = {
				ASSETCATALOG_COMPILER_APPICON_NAME = AppIcon;
				ASSETCATALOG_COMPILER_GLOBAL_ACCENT_COLOR_NAME = AccentColor;
				CODE_SIGN_STYLE = Automatic;
				CURRENT_PROJECT_VERSION = 1;
				DEVELOPMENT_TEAM = BL747HHQK8;
				GENERATE_INFOPLIST_FILE = YES;
				INFOPLIST_FILE = SeSACMVVMAssignment/Info.plist;
				INFOPLIST_KEY_UIApplicationSupportsIndirectInputEvents = YES;
				INFOPLIST_KEY_UILaunchStoryboardName = LaunchScreen;
				INFOPLIST_KEY_UIMainStoryboardFile = Main;
				INFOPLIST_KEY_UISupportedInterfaceOrientations_iPad = "UIInterfaceOrientationPortrait UIInterfaceOrientationPortraitUpsideDown UIInterfaceOrientationLandscapeLeft UIInterfaceOrientationLandscapeRight";
				INFOPLIST_KEY_UISupportedInterfaceOrientations_iPhone = "UIInterfaceOrientationPortrait UIInterfaceOrientationLandscapeLeft UIInterfaceOrientationLandscapeRight";
				LD_RUNPATH_SEARCH_PATHS = (
					"$(inherited)",
					"@executable_path/Frameworks",
				);
				MARKETING_VERSION = 1.0;
				PRODUCT_BUNDLE_IDENTIFIER = com.melon.SeSACMVVMAssignment;
				PRODUCT_NAME = "$(TARGET_NAME)";
				SWIFT_EMIT_LOC_STRINGS = YES;
				SWIFT_VERSION = 5.0;
				TARGETED_DEVICE_FAMILY = "1,2";
			};
			name = Debug;
		};
		DF765CB82B87479000E52A0E /* Release */ = {
			isa = XCBuildConfiguration;
			buildSettings = {
				ASSETCATALOG_COMPILER_APPICON_NAME = AppIcon;
				ASSETCATALOG_COMPILER_GLOBAL_ACCENT_COLOR_NAME = AccentColor;
				CODE_SIGN_STYLE = Automatic;
				CURRENT_PROJECT_VERSION = 1;
				DEVELOPMENT_TEAM = BL747HHQK8;
				GENERATE_INFOPLIST_FILE = YES;
				INFOPLIST_FILE = SeSACMVVMAssignment/Info.plist;
				INFOPLIST_KEY_UIApplicationSupportsIndirectInputEvents = YES;
				INFOPLIST_KEY_UILaunchStoryboardName = LaunchScreen;
				INFOPLIST_KEY_UIMainStoryboardFile = Main;
				INFOPLIST_KEY_UISupportedInterfaceOrientations_iPad = "UIInterfaceOrientationPortrait UIInterfaceOrientationPortraitUpsideDown UIInterfaceOrientationLandscapeLeft UIInterfaceOrientationLandscapeRight";
				INFOPLIST_KEY_UISupportedInterfaceOrientations_iPhone = "UIInterfaceOrientationPortrait UIInterfaceOrientationLandscapeLeft UIInterfaceOrientationLandscapeRight";
				LD_RUNPATH_SEARCH_PATHS = (
					"$(inherited)",
					"@executable_path/Frameworks",
				);
				MARKETING_VERSION = 1.0;
				PRODUCT_BUNDLE_IDENTIFIER = com.melon.SeSACMVVMAssignment;
				PRODUCT_NAME = "$(TARGET_NAME)";
				SWIFT_EMIT_LOC_STRINGS = YES;
				SWIFT_VERSION = 5.0;
				TARGETED_DEVICE_FAMILY = "1,2";
			};
			name = Release;
		};
/* End XCBuildConfiguration section */

/* Begin XCConfigurationList section */
		DF765C9D2B87478E00E52A0E /* Build configuration list for PBXProject "SeSACMVVMAssignment" */ = {
			isa = XCConfigurationList;
			buildConfigurations = (
				DF765CB42B87479000E52A0E /* Debug */,
				DF765CB52B87479000E52A0E /* Release */,
			);
			defaultConfigurationIsVisible = 0;
			defaultConfigurationName = Release;
		};
		DF765CB62B87479000E52A0E /* Build configuration list for PBXNativeTarget "SeSACMVVMAssignment" */ = {
			isa = XCConfigurationList;
			buildConfigurations = (
				DF765CB72B87479000E52A0E /* Debug */,
				DF765CB82B87479000E52A0E /* Release */,
			);
			defaultConfigurationIsVisible = 0;
			defaultConfigurationName = Release;
		};
/* End XCConfigurationList section */

/* Begin XCRemoteSwiftPackageReference section */
		DF765CC42B879A3000E52A0E /* XCRemoteSwiftPackageReference "Then" */ = {
			isa = XCRemoteSwiftPackageReference;
			repositoryURL = "https://github.com/devxoul/Then.git";
			requirement = {
				kind = upToNextMajorVersion;
				minimumVersion = 3.0.0;
			};
		};
		DF765CC72B879A3E00E52A0E /* XCRemoteSwiftPackageReference "SnapKit" */ = {
			isa = XCRemoteSwiftPackageReference;
			repositoryURL = "https://github.com/SnapKit/SnapKit.git";
			requirement = {
				kind = upToNextMajorVersion;
				minimumVersion = 5.7.1;
			};
		};
		DF8188C12B8CE647009FD1C8 /* XCRemoteSwiftPackageReference "Alamofire" */ = {
			isa = XCRemoteSwiftPackageReference;
			repositoryURL = "https://github.com/Alamofire/Alamofire.git";
			requirement = {
				kind = upToNextMajorVersion;
				minimumVersion = 5.8.1;
			};
		};
/* End XCRemoteSwiftPackageReference section */

/* Begin XCSwiftPackageProductDependency section */
		DF765CC52B879A3000E52A0E /* Then */ = {
			isa = XCSwiftPackageProductDependency;
			package = DF765CC42B879A3000E52A0E /* XCRemoteSwiftPackageReference "Then" */;
			productName = Then;
		};
		DF765CC82B879A3E00E52A0E /* SnapKit */ = {
			isa = XCSwiftPackageProductDependency;
			package = DF765CC72B879A3E00E52A0E /* XCRemoteSwiftPackageReference "SnapKit" */;
			productName = SnapKit;
		};
		DF8188C22B8CE647009FD1C8 /* Alamofire */ = {
			isa = XCSwiftPackageProductDependency;
			package = DF8188C12B8CE647009FD1C8 /* XCRemoteSwiftPackageReference "Alamofire" */;
			productName = Alamofire;
		};
/* End XCSwiftPackageProductDependency section */
	};
	rootObject = DF765C9A2B87478E00E52A0E /* Project object */;
}
